{
  "version": "5",
  "redirects": {
    "https://esm.sh/@supabase/supabase-js@2": "https://esm.sh/@supabase/supabase-js@2.93.3",
    "https://esm.sh/iceberg-js@^0.8.1?target=denonext": "https://esm.sh/iceberg-js@0.8.1?target=denonext"
  },
  "remote": {
    "https://esm.sh/@openrouter/ai-sdk-provider@1.2.8": "175ec37d89a02f2b10e6690afbe023d34e45c998d91da9b38aafaf7602b8e358",
    "https://esm.sh/@openrouter/ai-sdk-provider@2.9.0": "275daeea7d193518adb6960f65db245ed96434fd81eb29c36b968854df2e010e",
    "https://esm.sh/@supabase/auth-js@2.93.3/denonext/auth-js.mjs": "6141ddd120e72168995fe8179b53fc75e7d52293db41351edb2d27f3572dde68",
    "https://esm.sh/@supabase/functions-js@2.93.3/denonext/functions-js.mjs": "4f5ca656b1dfd3042d9ace2ce5bbca1bd2b0039951fec6f70da0621f55c7441c",
    "https://esm.sh/@supabase/postgrest-js@2.93.3/denonext/postgrest-js.mjs": "1048378d78abee53f804268601c5c15f2e57b6841b130466350fb7fd14846c17",
    "https://esm.sh/@supabase/realtime-js@2.93.3/denonext/realtime-js.mjs": "f6dbd7b721fd3e94688f6f027c5f3726c25d7df1775d6045fd9a0ff4d1f40e48",
    "https://esm.sh/@supabase/storage-js@2.93.3/denonext/storage-js.mjs": "a4067dd96e98b2d522dfc677f448e2724b1f00eb74875703fd1f4846587a6017",
    "https://esm.sh/@supabase/supabase-js@2.93.3": "7b7e42b1c60d8d90561c876ea63fdfefafedc8b4102481f09f413ce2026981a3",
    "https://esm.sh/@supabase/supabase-js@2.93.3/denonext/supabase-js.mjs": "a0a30118608e6d6d98ea31b610fc85bacea11c2afc93a672fc58329a47fb65b9",
    "https://esm.sh/ai@6.0.66": "afffbbffd2b61d726409a5154c43c017c34d6923e5e171f29edabe72845b607e",
    "https://esm.sh/fastest-levenshtein@1.0.16": "874165eb48f045286a1eb9d72f836d181142bb666e63ac780e6c78076ffc6599",
    "https://esm.sh/iceberg-js@0.8.1/denonext/iceberg-js.mjs": "d839d81a2e3966500ca2cdd0c1cb458e9608bacfc91f7bb67a69b2e878dcdb4f",
    "https://esm.sh/iceberg-js@0.8.1?target=denonext": "58c849d7fe2bf4eca4a84eb501e83c161a7d8c34ca1bec15a962b3bec3062633",
    "https://esm.sh/json-schema@0.4.0": "21a68e4e83b0441c3a90fa051c6b7c42d29926e4ff429745eebec153ac53cd7a",
    "https://esm.sh/json-schema@0.4.0/denonext/json-schema.mjs": "95225c6fc709935fca00cfc112f2ab043d204f7bd07a8aaec75b1b5f24ca8bf6",
    "https://esm.sh/langfuse@3.34.1": "ef3eb261b2a0ead2492fa4de0194d68d5214108466696c574d126735ca15d95a",
    "https://esm.sh/tslib@2.8.1/denonext/tslib.mjs": "c38da5dd6da6281964435002ce204cd586634fe3bdfb24a0ee116f48cf3292e9",
    "https://esm.sh/zod@3.23.8": "15e60c792ac21d4818f181671c7c74bf33bf7526d487dc524911e42785d8b5c2",
    "https://esm.sh/zod@3.25.76": "3fb2d6fc9ba6facc140a9875710339f90e89befb26fd9b39da83644d4dd6a701"
  },
  "workspace": {
    "packageJson": {
      "dependencies": [
        "npm:@ai-sdk/openai@^3.0.24",
        "npm:@ai-sdk/react@^3.0.68",
        "npm:@axe-core/playwright@^4.11.1",
        "npm:@dnd-kit/core@^6.3.1",
        "npm:@dnd-kit/sortable@10",
        "npm:@dnd-kit/utilities@^3.2.2",
        "npm:@eslint/js@^9.39.1",
        "npm:@headlessui/tailwindcss@~0.2.2",
        "npm:@playwright/test@^1.57.0",
        "npm:@radix-ui/react-alert-dialog@^1.1.15",
        "npm:@radix-ui/react-avatar@^1.1.11",
        "npm:@radix-ui/react-checkbox@^1.3.3",
        "npm:@radix-ui/react-collapsible@^1.1.12",
        "npm:@radix-ui/react-context-menu@^2.2.16",
        "npm:@radix-ui/react-dialog@^1.1.15",
        "npm:@radix-ui/react-dropdown-menu@^2.1.16",
        "npm:@radix-ui/react-hover-card@^1.1.15",
        "npm:@radix-ui/react-label@^2.1.8",
        "npm:@radix-ui/react-popover@^1.1.15",
        "npm:@radix-ui/react-progress@^1.1.8",
        "npm:@radix-ui/react-radio-group@^1.3.8",
        "npm:@radix-ui/react-scroll-area@^1.1.0",
        "npm:@radix-ui/react-select@^2.2.6",
        "npm:@radix-ui/react-separator@^1.1.8",
        "npm:@radix-ui/react-slider@^1.3.6",
        "npm:@radix-ui/react-slot@^1.2.4",
        "npm:@radix-ui/react-switch@^1.2.6",
        "npm:@radix-ui/react-tabs@^1.1.13",
        "npm:@radix-ui/react-toast@^1.2.15",
        "npm:@radix-ui/react-tooltip@^1.2.8",
        "npm:@remixicon/react@^4.7.0",
        "npm:@sentry/react@^10.28.0",
        "npm:@sentry/vite-plugin@^5.3.0",
        "npm:@supabase/supabase-js@^2.84.0",
        "npm:@tailwindcss/forms@~0.5.11",
        "npm:@tailwindcss/vite@^4.2.1",
        "npm:@tanstack/react-query@^5.90.10",
        "npm:@testing-library/jest-dom@^6.9.1",
        "npm:@testing-library/react@^16.3.0",
        "npm:@testing-library/user-event@^14.6.1",
        "npm:@tremor/react@^3.18.7",
        "npm:@types/node@^22.19.7",
        "npm:@types/react-dom@^18.3.7",
        "npm:@types/react@^18.3.23",
        "npm:@vitejs/plugin-react-swc@^3.11.0",
        "npm:@vitest/coverage-v8@^4.0.16",
        "npm:ai@^6.0.66",
        "npm:autoprefixer@^10.4.22",
        "npm:class-variance-authority@~0.7.1",
        "npm:clsx@^2.1.1",
        "npm:date-fns-tz@^3.2.0",
        "npm:date-fns@^3.6.0",
        "npm:docx@^9.5.1",
        "npm:dotenv@^17.3.1",
        "npm:driver.js@^1.4.0",
        "npm:eslint-plugin-react-hooks@^5.2.0",
        "npm:eslint-plugin-react-refresh@~0.4.24",
        "npm:eslint@^9.39.1",
        "npm:file-saver@^2.0.5",
        "npm:globals@^15.15.0",
        "npm:html2canvas-pro@^1.5.13",
        "npm:jsdom@^27.2.0",
        "npm:jspdf@4",
        "npm:jszip@^3.10.1",
        "npm:motion@^12.34.3",
        "npm:next-themes@0.3",
        "npm:pg@^8.18.0",
        "npm:playwright@^1.57.0",
        "npm:postcss@^8.5.10",
        "npm:radix-ui@^1.4.3",
        "npm:react-day-picker@^9.11.2",
        "npm:react-dom@^18.3.1",
        "npm:react-markdown@^10.1.0",
        "npm:react-router-dom@^6.30.1",
        "npm:react@^18.3.1",
        "npm:rollup-plugin-visualizer@^7.0.1",
        "npm:shiki@^3.15.0",
        "npm:sonner@^1.7.4",
        "npm:tailwind-merge@^2.6.0",
        "npm:tailwindcss-animate@^1.0.7",
        "npm:tailwindcss@^3.4.19",
        "npm:tsx@^4.20.6",
        "npm:typescript-eslint@^8.47.0",
        "npm:typescript@^5.8.3",
        "npm:use-stick-to-bottom@^1.1.1",
        "npm:vite@^5.4.19",
        "npm:vitest@^4.0.16",
        "npm:zod@^3.25.76",
        "npm:zustand@^5.0.11"
      ]
    }
  }
}
